
Microsoft Visual Studio Solution File, Format Version 12.00
# Visual Studio Version 16
VisualStudioVersion = 16.0.30413.136
MinimumVisualStudioVersion = 10.0.40219.1
Project("{FAE04EC0-301F-11D3-BF4B-00C04F79EFBC}") = "sosmanager.Android", "sosmanager\sosmanager.Android\sosmanager.Android.csproj", "{2DD742D6-A230-4BB0-AAE0-848ECAAB59BD}"
EndProject
Project("{FAE04EC0-301F-11D3-BF4B-00C04F79EFBC}") = "sosmanager.iOS", "sosmanager\sosmanager.iOS\sosmanager.iOS.csproj", "{241CA33F-99F6-4D4F-8038-AB1FCBF834D1}"
EndProject
Project("{FAE04EC0-301F-11D3-BF4B-00C04F79EFBC}") = "sosmanager", "sosmanager\sosmanager\sosmanager.csproj", "{913975C0-0504-4010-88C8-5E833AA903DD}"
EndProject
Global
	GlobalSection(SolutionConfigurationPlatforms) = preSolution
		Debug|Any CPU = Debug|Any CPU
		Debug|iPhone = Debug|iPhone
		Debug|iPhoneSimulator = Debug|iPhoneSimulator
		Release|Any CPU = Release|Any CPU
		Release|iPhone = Release|iPhone
		Release|iPhoneSimulator = Release|iPhoneSimulator
	EndGlobalSection
	GlobalSection(ProjectConfigurationPlatforms) = postSolution
		{2DD742D6-A230-4BB0-AAE0-848ECAAB59BD}.Debug|Any CPU.ActiveCfg = Debug|Any CPU
		{2DD742D6-A230-4BB0-AAE0-848ECAAB59BD}.Debug|Any CPU.Build.0 = Debug|Any CPU
		{2DD742D6-A230-4BB0-AAE0-848ECAAB59BD}.Debug|Any CPU.Deploy.0 = Debug|Any CPU
		{2DD742D6-A230-4BB0-AAE0-848ECAAB59BD}.Debug|iPhone.ActiveCfg = Debug|Any CPU
		{2DD742D6-A230-4BB0-AAE0-848ECAAB59BD}.Debug|iPhone.Build.0 = Debug|Any CPU
		{2DD742D6-A230-4BB0-AAE0-848ECAAB59BD}.Debug|iPhone.Deploy.0 = Debug|Any CPU
		{2DD742D6-A230-4BB0-AAE0-848ECAAB59BD}.Debug|iPhoneSimulator.ActiveCfg = Debug|Any CPU
		{2DD742D6-A230-4BB0-AAE0-848ECAAB59BD}.Debug|iPhoneSimulator.Build.0 = Debug|Any CPU
		{2DD742D6-A230-4BB0-AAE0-848ECAAB59BD}.Debug|iPhoneSimulator.Deploy.0 = Debug|Any CPU
		{2DD742D6-A230-4BB0-AAE0-848ECAAB59BD}.Release|Any CPU.ActiveCfg = Release|Any CPU
		{2DD742D6-A230-4BB0-AAE0-848ECAAB59BD}.Release|Any CPU.Build.0 = Release|Any CPU
		{2DD742D6-A230-4BB0-AAE0-848ECAAB59BD}.Release|Any CPU.Deploy.0 = Release|Any CPU
		{2DD742D6-A230-4BB0-AAE0-848ECAAB59BD}.Release|iPhone.ActiveCfg = Release|Any CPU
		{2DD742D6-A230-4BB0-AAE0-848ECAAB59BD}.Release|iPhone.Build.0 = Release|Any CPU
		{2DD742D6-A230-4BB0-AAE0-848ECAAB59BD}.Release|iPhone.Deploy.0 = Release|Any CPU
		{2DD742D6-A230-4BB0-AAE0-848ECAAB59BD}.Release|iPhoneSimulator.ActiveCfg = Release|Any CPU
		{2DD742D6-A230-4BB0-AAE0-848ECAAB59BD}.Release|iPhoneSimulator.Build.0 = Release|Any CPU
		{2DD742D6-A230-4BB0-AAE0-848ECAAB59BD}.Release|iPhoneSimulator.Deploy.0 = Release|Any CPU
		{241CA33F-99F6-4D4F-8038-AB1FCBF834D1}.Debug|Any CPU.ActiveCfg = Debug|iPhone
		{241CA33F-99F6-4D4F-8038-AB1FCBF834D1}.Debug|Any CPU.Build.0 = Debug|iPhone
		{241CA33F-99F6-4D4F-8038-AB1FCBF834D1}.Debug|Any CPU.Deploy.0 = Debug|iPhone
		{241CA33F-99F6-4D4F-8038-AB1FCBF834D1}.Debug|iPhone.ActiveCfg = Debug|iPhone
		{241CA33F-99F6-4D4F-8038-AB1FCBF834D1}.Debug|iPhone.Build.0 = Debug|iPhone
		{241CA33F-99F6-4D4F-8038-AB1FCBF834D1}.Debug|iPhone.Deploy.0 = Debug|iPhone
		{241CA33F-99F6-4D4F-8038-AB1FCBF834D1}.Debug|iPhoneSimulator.ActiveCfg = Debug|iPhoneSimulator
		{241CA33F-99F6-4D4F-8038-AB1FCBF834D1}.Debug|iPhoneSimulator.Build.0 = Debug|iPhoneSimulator
		{241CA33F-99F6-4D4F-8038-AB1FCBF834D1}.Debug|iPhoneSimulator.Deploy.0 = Debug|iPhoneSimulator
		{241CA33F-99F6-4D4F-8038-AB1FCBF834D1}.Release|Any CPU.ActiveCfg = Release|iPhone
		{241CA33F-99F6-4D4F-8038-AB1FCBF834D1}.Release|Any CPU.Build.0 = Release|iPhone
		{241CA33F-99F6-4D4F-8038-AB1FCBF834D1}.Release|Any CPU.Deploy.0 = Release|iPhone
		{241CA33F-99F6-4D4F-8038-AB1FCBF834D1}.Release|iPhone.ActiveCfg = Release|iPhone
		{241CA33F-99F6-4D4F-8038-AB1FCBF834D1}.Release|iPhone.Build.0 = Release|iPhone
		{241CA33F-99F6-4D4F-8038-AB1FCBF834D1}.Release|iPhone.Deploy.0 = Release|iPhone
		{241CA33F-99F6-4D4F-8038-AB1FCBF834D1}.Release|iPhoneSimulator.ActiveCfg = Release|iPhoneSimulator
		{241CA33F-99F6-4D4F-8038-AB1FCBF834D1}.Release|iPhoneSimulator.Build.0 = Release|iPhoneSimulator
		{241CA33F-99F6-4D4F-8038-AB1FCBF834D1}.Release|iPhoneSimulator.Deploy.0 = Release|iPhoneSimulator
		{913975C0-0504-4010-88C8-5E833AA903DD}.Debug|Any CPU.ActiveCfg = Debug|Any CPU
		{913975C0-0504-4010-88C8-5E833AA903DD}.Debug|Any CPU.Build.0 = Debug|Any CPU
		{913975C0-0504-4010-88C8-5E833AA903DD}.Debug|Any CPU.Deploy.0 = Debug|Any CPU
		{913975C0-0504-4010-88C8-5E833AA903DD}.Debug|iPhone.ActiveCfg = Debug|Any CPU
		{913975C0-0504-4010-88C8-5E833AA903DD}.Debug|iPhone.Build.0 = Debug|Any CPU
		{913975C0-0504-4010-88C8-5E833AA903DD}.Debug|iPhone.Deploy.0 = Debug|Any CPU
		{913975C0-0504-4010-88C8-5E833AA903DD}.Debug|iPhoneSimulator.ActiveCfg = Debug|Any CPU
		{913975C0-0504-4010-88C8-5E833AA903DD}.Debug|iPhoneSimulator.Build.0 = Debug|Any CPU
		{913975C0-0504-4010-88C8-5E833AA903DD}.Debug|iPhoneSimulator.Deploy.0 = Debug|Any CPU
		{913975C0-0504-4010-88C8-5E833AA903DD}.Release|Any CPU.ActiveCfg = Release|Any CPU
		{913975C0-0504-4010-88C8-5E833AA903DD}.Release|Any CPU.Build.0 = Release|Any CPU
		{913975C0-0504-4010-88C8-5E833AA903DD}.Release|Any CPU.Deploy.0 = Release|Any CPU
		{913975C0-0504-4010-88C8-5E833AA903DD}.Release|iPhone.ActiveCfg = Release|Any CPU
		{913975C0-0504-4010-88C8-5E833AA903DD}.Release|iPhone.Build.0 = Release|Any CPU
		{913975C0-0504-4010-88C8-5E833AA903DD}.Release|iPhone.Deploy.0 = Release|Any CPU
		{913975C0-0504-4010-88C8-5E833AA903DD}.Release|iPhoneSimulator.ActiveCfg = Release|Any CPU
		{913975C0-0504-4010-88C8-5E833AA903DD}.Release|iPhoneSimulator.Build.0 = Release|Any CPU
		{913975C0-0504-4010-88C8-5E833AA903DD}.Release|iPhoneSimulator.Deploy.0 = Release|Any CPU
	EndGlobalSection
	GlobalSection(SolutionProperties) = preSolution
		HideSolutionNode = FALSE
	EndGlobalSection
	GlobalSection(ExtensibilityGlobals) = postSolution
		SolutionGuid = {EFBDDC6C-EB8F-4267-8121-B76011FADAFF}
	EndGlobalSection
EndGlobal
